// !$*UTF8*$!
{
	archiveVersion = 1;
	classes = {
	};
	objectVersion = 52;
	objects = {

/* Begin PBXBuildFile section */
		362C4A78274337DB0050A97C /* AppDelegate.swift in Sources */ = {isa = PBXBuildFile; fileRef = 362C4A77274337DB0050A97C /* AppDelegate.swift */; };
		362C4A7A274337DB0050A97C /* SceneDelegate.swift in Sources */ = {isa = PBXBuildFile; fileRef = 362C4A79274337DB0050A97C /* SceneDelegate.swift */; };
		362C4A7C274337DB0050A97C /* ViewController.swift in Sources */ = {isa = PBXBuildFile; fileRef = 362C4A7B274337DB0050A97C /* ViewController.swift */; };
		362C4A7F274337DB0050A97C /* Main.storyboard in Resources */ = {isa = PBXBuildFile; fileRef = 362C4A7D274337DB0050A97C /* Main.storyboard */; };
		362C4A81274337DE0050A97C /* Assets.xcassets in Resources */ = {isa = PBXBuildFile; fileRef = 362C4A80274337DE0050A97C /* Assets.xcassets */; };
		362C4A84274337DE0050A97C /* LaunchScreen.storyboard in Resources */ = {isa = PBXBuildFile; fileRef = 362C4A82274337DE0050A97C /* LaunchScreen.storyboard */; };
		362C4A8F274337DF0050A97C /* spaceShooterTests.swift in Sources */ = {isa = PBXBuildFile; fileRef = 362C4A8E274337DF0050A97C /* spaceShooterTests.swift */; };
		362C4A9A274337DF0050A97C /* spaceShooterUITests.swift in Sources */ = {isa = PBXBuildFile; fileRef = 362C4A99274337DF0050A97C /* spaceShooterUITests.swift */; };
		362C4AA8274338380050A97C /* SpaceShip.swift in Sources */ = {isa = PBXBuildFile; fileRef = 362C4AA7274338380050A97C /* SpaceShip.swift */; };
		362C4AAC27433B660050A97C /* GameView.swift in Sources */ = {isa = PBXBuildFile; fileRef = 362C4AAB27433B660050A97C /* GameView.swift */; };
		362C4AAE27435BD60050A97C /* MovableObject.swift in Sources */ = {isa = PBXBuildFile; fileRef = 362C4AAD27435BD60050A97C /* MovableObject.swift */; };
		362C4AB027435DB30050A97C /* Bullets.swift in Sources */ = {isa = PBXBuildFile; fileRef = 362C4AAF27435DB30050A97C /* Bullets.swift */; };
		362C4AB42743724A0050A97C /* L1Enemy.swift in Sources */ = {isa = PBXBuildFile; fileRef = 362C4AB32743724A0050A97C /* L1Enemy.swift */; };
		362C4AB6274372820050A97C /* ShootingStar.swift in Sources */ = {isa = PBXBuildFile; fileRef = 362C4AB5274372820050A97C /* ShootingStar.swift */; };
		36483641275C10C80073F27E /* DiagEnemy.swift in Sources */ = {isa = PBXBuildFile; fileRef = 36483640275C10C80073F27E /* DiagEnemy.swift */; };
		36483643275C10F60073F27E /* SpinningEnemy.swift in Sources */ = {isa = PBXBuildFile; fileRef = 36483642275C10F60073F27E /* SpinningEnemy.swift */; };
		36483645275C11450073F27E /* ZigZagEnemy.swift in Sources */ = {isa = PBXBuildFile; fileRef = 36483644275C11450073F27E /* ZigZagEnemy.swift */; };
		36483647275C127E0073F27E /* ShurikenBullet.swift in Sources */ = {isa = PBXBuildFile; fileRef = 36483646275C127E0073F27E /* ShurikenBullet.swift */; };
		36483649275C15F80073F27E /* BossBaby.swift in Sources */ = {isa = PBXBuildFile; fileRef = 36483648275C15F80073F27E /* BossBaby.swift */; };
		3648364B275C25A50073F27E /* FuckHeadsReadME.rtf in Resources */ = {isa = PBXBuildFile; fileRef = 3648364A275C25A50073F27E /* FuckHeadsReadME.rtf */; };
		3648364D275C72110073F27E /* spaceSong.wav in Resources */ = {isa = PBXBuildFile; fileRef = 3648364C275C72110073F27E /* spaceSong.wav */; };
		365A430E2759C62300D0F5F6 /* UpgradeDrop.swift in Sources */ = {isa = PBXBuildFile; fileRef = 365A430D2759C62300D0F5F6 /* UpgradeDrop.swift */; };
		36BF899D27446D0B001047AE /* EnemyBullets.swift in Sources */ = {isa = PBXBuildFile; fileRef = 36BF899C27446D0B001047AE /* EnemyBullets.swift */; };
		7D3A17C32759D033006FA028 /* LeaderboardViewController.swift in Sources */ = {isa = PBXBuildFile; fileRef = 7D3A17C22759D033006FA028 /* LeaderboardViewController.swift */; };
		7D585FD82759E3AD0047E71E /* GoogleService-Info.plist in Resources */ = {isa = PBXBuildFile; fileRef = 7D585FD72759E3AD0047E71E /* GoogleService-Info.plist */; };
		7D585FDB2759E3E60047E71E /* FirebaseAnalytics in Frameworks */ = {isa = PBXBuildFile; productRef = 7D585FDA2759E3E60047E71E /* FirebaseAnalytics */; };
		7D585FDD2759E3E60047E71E /* FirebaseDatabase in Frameworks */ = {isa = PBXBuildFile; productRef = 7D585FDC2759E3E60047E71E /* FirebaseDatabase */; };
		7D585FDF2759E3E60047E71E /* FirebaseFirestore in Frameworks */ = {isa = PBXBuildFile; productRef = 7D585FDE2759E3E60047E71E /* FirebaseFirestore */; };
		7D585FE12759E3E60047E71E /* FirebaseStorage in Frameworks */ = {isa = PBXBuildFile; productRef = 7D585FE02759E3E60047E71E /* FirebaseStorage */; };
		7D7502532759CA74007EF51B /* LaunchViewController.swift in Sources */ = {isa = PBXBuildFile; fileRef = 7D7502522759CA74007EF51B /* LaunchViewController.swift */; };
		7DF5F1CA275C61D900755B20 /* shooting_sound.wav in Resources */ = {isa = PBXBuildFile; fileRef = 7DF5F1C9275C61D900755B20 /* shooting_sound.wav */; };
		7DF5F1CE275C6FA700755B20 /* GameOver.swift in Sources */ = {isa = PBXBuildFile; fileRef = 7DF5F1CD275C6FA700755B20 /* GameOver.swift */; };
/* End PBXBuildFile section */

/* Begin PBXContainerItemProxy section */
		362C4A8B274337DF0050A97C /* PBXContainerItemProxy */ = {
			isa = PBXContainerItemProxy;
			containerPortal = 362C4A6C274337DB0050A97C /* Project object */;
			proxyType = 1;
			remoteGlobalIDString = 362C4A73274337DB0050A97C;
			remoteInfo = spaceShooter;
		};
		362C4A96274337DF0050A97C /* PBXContainerItemProxy */ = {
			isa = PBXContainerItemProxy;
			containerPortal = 362C4A6C274337DB0050A97C /* Project object */;
			proxyType = 1;
			remoteGlobalIDString = 362C4A73274337DB0050A97C;
			remoteInfo = spaceShooter;
		};
/* End PBXContainerItemProxy section */

/* Begin PBXFileReference section */
		362C4A74274337DB0050A97C /* spaceShooter.app */ = {isa = PBXFileReference; explicitFileType = wrapper.application; includeInIndex = 0; path = spaceShooter.app; sourceTree = BUILT_PRODUCTS_DIR; };
		362C4A77274337DB0050A97C /* AppDelegate.swift */ = {isa = PBXFileReference; lastKnownFileType = sourcecode.swift; path = AppDelegate.swift; sourceTree = "<group>"; };
		362C4A79274337DB0050A97C /* SceneDelegate.swift */ = {isa = PBXFileReference; lastKnownFileType = sourcecode.swift; path = SceneDelegate.swift; sourceTree = "<group>"; };
		362C4A7B274337DB0050A97C /* ViewController.swift */ = {isa = PBXFileReference; lastKnownFileType = sourcecode.swift; path = ViewController.swift; sourceTree = "<group>"; };
		362C4A7E274337DB0050A97C /* Base */ = {isa = PBXFileReference; lastKnownFileType = file.storyboard; name = Base; path = Base.lproj/Main.storyboard; sourceTree = "<group>"; };
		362C4A80274337DE0050A97C /* Assets.xcassets */ = {isa = PBXFileReference; lastKnownFileType = folder.assetcatalog; path = Assets.xcassets; sourceTree = "<group>"; };
		362C4A83274337DE0050A97C /* Base */ = {isa = PBXFileReference; lastKnownFileType = file.storyboard; name = Base; path = Base.lproj/LaunchScreen.storyboard; sourceTree = "<group>"; };
		362C4A85274337DE0050A97C /* Info.plist */ = {isa = PBXFileReference; lastKnownFileType = text.plist.xml; path = Info.plist; sourceTree = "<group>"; };
		362C4A8A274337DF0050A97C /* spaceShooterTests.xctest */ = {isa = PBXFileReference; explicitFileType = wrapper.cfbundle; includeInIndex = 0; path = spaceShooterTests.xctest; sourceTree = BUILT_PRODUCTS_DIR; };
		362C4A8E274337DF0050A97C /* spaceShooterTests.swift */ = {isa = PBXFileReference; lastKnownFileType = sourcecode.swift; path = spaceShooterTests.swift; sourceTree = "<group>"; };
		362C4A90274337DF0050A97C /* Info.plist */ = {isa = PBXFileReference; lastKnownFileType = text.plist.xml; path = Info.plist; sourceTree = "<group>"; };
		362C4A95274337DF0050A97C /* spaceShooterUITests.xctest */ = {isa = PBXFileReference; explicitFileType = wrapper.cfbundle; includeInIndex = 0; path = spaceShooterUITests.xctest; sourceTree = BUILT_PRODUCTS_DIR; };
		362C4A99274337DF0050A97C /* spaceShooterUITests.swift */ = {isa = PBXFileReference; lastKnownFileType = sourcecode.swift; path = spaceShooterUITests.swift; sourceTree = "<group>"; };
		362C4A9B274337DF0050A97C /* Info.plist */ = {isa = PBXFileReference; lastKnownFileType = text.plist.xml; path = Info.plist; sourceTree = "<group>"; };
		362C4AA7274338380050A97C /* SpaceShip.swift */ = {isa = PBXFileReference; lastKnownFileType = sourcecode.swift; path = SpaceShip.swift; sourceTree = "<group>"; };
		362C4AAB27433B660050A97C /* GameView.swift */ = {isa = PBXFileReference; lastKnownFileType = sourcecode.swift; path = GameView.swift; sourceTree = "<group>"; };
		362C4AAD27435BD60050A97C /* MovableObject.swift */ = {isa = PBXFileReference; lastKnownFileType = sourcecode.swift; path = MovableObject.swift; sourceTree = "<group>"; };
		362C4AAF27435DB30050A97C /* Bullets.swift */ = {isa = PBXFileReference; lastKnownFileType = sourcecode.swift; path = Bullets.swift; sourceTree = "<group>"; };
		362C4AB32743724A0050A97C /* L1Enemy.swift */ = {isa = PBXFileReference; lastKnownFileType = sourcecode.swift; path = L1Enemy.swift; sourceTree = "<group>"; };
		362C4AB5274372820050A97C /* ShootingStar.swift */ = {isa = PBXFileReference; lastKnownFileType = sourcecode.swift; path = ShootingStar.swift; sourceTree = "<group>"; };
		36483640275C10C80073F27E /* DiagEnemy.swift */ = {isa = PBXFileReference; lastKnownFileType = sourcecode.swift; path = DiagEnemy.swift; sourceTree = "<group>"; };
		36483642275C10F60073F27E /* SpinningEnemy.swift */ = {isa = PBXFileReference; lastKnownFileType = sourcecode.swift; path = SpinningEnemy.swift; sourceTree = "<group>"; };
		36483644275C11450073F27E /* ZigZagEnemy.swift */ = {isa = PBXFileReference; lastKnownFileType = sourcecode.swift; path = ZigZagEnemy.swift; sourceTree = "<group>"; };
		36483646275C127E0073F27E /* ShurikenBullet.swift */ = {isa = PBXFileReference; lastKnownFileType = sourcecode.swift; path = ShurikenBullet.swift; sourceTree = "<group>"; };
		36483648275C15F80073F27E /* BossBaby.swift */ = {isa = PBXFileReference; lastKnownFileType = sourcecode.swift; path = BossBaby.swift; sourceTree = "<group>"; };
		3648364A275C25A50073F27E /* FuckHeadsReadME.rtf */ = {isa = PBXFileReference; lastKnownFileType = text.rtf; path = FuckHeadsReadME.rtf; sourceTree = "<group>"; };
		3648364C275C72110073F27E /* spaceSong.wav */ = {isa = PBXFileReference; lastKnownFileType = audio.wav; path = spaceSong.wav; sourceTree = "<group>"; };
		365A430D2759C62300D0F5F6 /* UpgradeDrop.swift */ = {isa = PBXFileReference; lastKnownFileType = sourcecode.swift; path = UpgradeDrop.swift; sourceTree = "<group>"; };
		36BF899C27446D0B001047AE /* EnemyBullets.swift */ = {isa = PBXFileReference; lastKnownFileType = sourcecode.swift; path = EnemyBullets.swift; sourceTree = "<group>"; };
		7D3A17C22759D033006FA028 /* LeaderboardViewController.swift */ = {isa = PBXFileReference; lastKnownFileType = sourcecode.swift; path = LeaderboardViewController.swift; sourceTree = "<group>"; };
		7D585FD72759E3AD0047E71E /* GoogleService-Info.plist */ = {isa = PBXFileReference; fileEncoding = 4; lastKnownFileType = text.plist.xml; path = "GoogleService-Info.plist"; sourceTree = "<group>"; };
		7D7502522759CA74007EF51B /* LaunchViewController.swift */ = {isa = PBXFileReference; lastKnownFileType = sourcecode.swift; path = LaunchViewController.swift; sourceTree = "<group>"; };
		7DF5F1C9275C61D900755B20 /* shooting_sound.wav */ = {isa = PBXFileReference; lastKnownFileType = audio.wav; path = shooting_sound.wav; sourceTree = "<group>"; };
		7DF5F1CD275C6FA700755B20 /* GameOver.swift */ = {isa = PBXFileReference; lastKnownFileType = sourcecode.swift; path = GameOver.swift; sourceTree = "<group>"; };
/* End PBXFileReference section */

/* Begin PBXFrameworksBuildPhase section */
		362C4A71274337DB0050A97C /* Frameworks */ = {
			isa = PBXFrameworksBuildPhase;
			buildActionMask = 2147483647;
			files = (
				7D585FDD2759E3E60047E71E /* FirebaseDatabase in Frameworks */,
				7D585FE12759E3E60047E71E /* FirebaseStorage in Frameworks */,
				7D585FDB2759E3E60047E71E /* FirebaseAnalytics in Frameworks */,
				7D585FDF2759E3E60047E71E /* FirebaseFirestore in Frameworks */,
			);
			runOnlyForDeploymentPostprocessing = 0;
		};
		362C4A87274337DF0050A97C /* Frameworks */ = {
			isa = PBXFrameworksBuildPhase;
			buildActionMask = 2147483647;
			files = (
			);
			runOnlyForDeploymentPostprocessing = 0;
		};
		362C4A92274337DF0050A97C /* Frameworks */ = {
			isa = PBXFrameworksBuildPhase;
			buildActionMask = 2147483647;
			files = (
			);
			runOnlyForDeploymentPostprocessing = 0;
		};
/* End PBXFrameworksBuildPhase section */

/* Begin PBXGroup section */
		362C4A6B274337DB0050A97C = {
			isa = PBXGroup;
			children = (
				362C4A76274337DB0050A97C /* spaceShooter */,
				362C4A8D274337DF0050A97C /* spaceShooterTests */,
				362C4A98274337DF0050A97C /* spaceShooterUITests */,
				362C4A75274337DB0050A97C /* Products */,
			);
			sourceTree = "<group>";
		};
		362C4A75274337DB0050A97C /* Products */ = {
			isa = PBXGroup;
			children = (
				362C4A74274337DB0050A97C /* spaceShooter.app */,
				362C4A8A274337DF0050A97C /* spaceShooterTests.xctest */,
				362C4A95274337DF0050A97C /* spaceShooterUITests.xctest */,
			);
			name = Products;
			sourceTree = "<group>";
		};
		362C4A76274337DB0050A97C /* spaceShooter */ = {
			isa = PBXGroup;
			children = (
				362C4A77274337DB0050A97C /* AppDelegate.swift */,
				362C4A79274337DB0050A97C /* SceneDelegate.swift */,
				362C4A7B274337DB0050A97C /* ViewController.swift */,
				7DF5F1C9275C61D900755B20 /* shooting_sound.wav */,
				3648364C275C72110073F27E /* spaceSong.wav */,
				362C4A7D274337DB0050A97C /* Main.storyboard */,
				7DF5F1CD275C6FA700755B20 /* GameOver.swift */,
				7D3A17C22759D033006FA028 /* LeaderboardViewController.swift */,
				7D7502522759CA74007EF51B /* LaunchViewController.swift */,
				362C4A80274337DE0050A97C /* Assets.xcassets */,
				362C4A82274337DE0050A97C /* LaunchScreen.storyboard */,
				362C4A85274337DE0050A97C /* Info.plist */,
				362C4AA7274338380050A97C /* SpaceShip.swift */,
				362C4AAB27433B660050A97C /* GameView.swift */,
				362C4AAD27435BD60050A97C /* MovableObject.swift */,
				362C4AAF27435DB30050A97C /* Bullets.swift */,
				7D585FD72759E3AD0047E71E /* GoogleService-Info.plist */,
				36BF899C27446D0B001047AE /* EnemyBullets.swift */,
				362C4AB32743724A0050A97C /* L1Enemy.swift */,
				362C4AB5274372820050A97C /* ShootingStar.swift */,
				365A430D2759C62300D0F5F6 /* UpgradeDrop.swift */,
				36483640275C10C80073F27E /* DiagEnemy.swift */,
				36483642275C10F60073F27E /* SpinningEnemy.swift */,
				36483644275C11450073F27E /* ZigZagEnemy.swift */,
				36483646275C127E0073F27E /* ShurikenBullet.swift */,
				36483648275C15F80073F27E /* BossBaby.swift */,
				3648364A275C25A50073F27E /* FuckHeadsReadME.rtf */,
			);
			path = spaceShooter;
			sourceTree = "<group>";
		};
		362C4A8D274337DF0050A97C /* spaceShooterTests */ = {
			isa = PBXGroup;
			children = (
				362C4A8E274337DF0050A97C /* spaceShooterTests.swift */,
				362C4A90274337DF0050A97C /* Info.plist */,
			);
			path = spaceShooterTests;
			sourceTree = "<group>";
		};
		362C4A98274337DF0050A97C /* spaceShooterUITests */ = {
			isa = PBXGroup;
			children = (
				362C4A99274337DF0050A97C /* spaceShooterUITests.swift */,
				362C4A9B274337DF0050A97C /* Info.plist */,
			);
			path = spaceShooterUITests;
			sourceTree = "<group>";
		};
/* End PBXGroup section */

/* Begin PBXNativeTarget section */
		362C4A73274337DB0050A97C /* spaceShooter */ = {
			isa = PBXNativeTarget;
			buildConfigurationList = 362C4A9E274337DF0050A97C /* Build configuration list for PBXNativeTarget "spaceShooter" */;
			buildPhases = (
				362C4A70274337DB0050A97C /* Sources */,
				362C4A71274337DB0050A97C /* Frameworks */,
				362C4A72274337DB0050A97C /* Resources */,
			);
			buildRules = (
			);
			dependencies = (
			);
			name = spaceShooter;
			packageProductDependencies = (
				7D585FDA2759E3E60047E71E /* FirebaseAnalytics */,
				7D585FDC2759E3E60047E71E /* FirebaseDatabase */,
				7D585FDE2759E3E60047E71E /* FirebaseFirestore */,
				7D585FE02759E3E60047E71E /* FirebaseStorage */,
			);
			productName = spaceShooter;
			productReference = 362C4A74274337DB0050A97C /* spaceShooter.app */;
			productType = "com.apple.product-type.application";
		};
		362C4A89274337DF0050A97C /* spaceShooterTests */ = {
			isa = PBXNativeTarget;
			buildConfigurationList = 362C4AA1274337DF0050A97C /* Build configuration list for PBXNativeTarget "spaceShooterTests" */;
			buildPhases = (
				362C4A86274337DF0050A97C /* Sources */,
				362C4A87274337DF0050A97C /* Frameworks */,
				362C4A88274337DF0050A97C /* Resources */,
			);
			buildRules = (
			);
			dependencies = (
				362C4A8C274337DF0050A97C /* PBXTargetDependency */,
			);
			name = spaceShooterTests;
			productName = spaceShooterTests;
			productReference = 362C4A8A274337DF0050A97C /* spaceShooterTests.xctest */;
			productType = "com.apple.product-type.bundle.unit-test";
		};
		362C4A94274337DF0050A97C /* spaceShooterUITests */ = {
			isa = PBXNativeTarget;
			buildConfigurationList = 362C4AA4274337DF0050A97C /* Build configuration list for PBXNativeTarget "spaceShooterUITests" */;
			buildPhases = (
				362C4A91274337DF0050A97C /* Sources */,
				362C4A92274337DF0050A97C /* Frameworks */,
				362C4A93274337DF0050A97C /* Resources */,
			);
			buildRules = (
			);
			dependencies = (
				362C4A97274337DF0050A97C /* PBXTargetDependency */,
			);
			name = spaceShooterUITests;
			productName = spaceShooterUITests;
			productReference = 362C4A95274337DF0050A97C /* spaceShooterUITests.xctest */;
			productType = "com.apple.product-type.bundle.ui-testing";
		};
/* End PBXNativeTarget section */

/* Begin PBXProject section */
		362C4A6C274337DB0050A97C /* Project object */ = {
			isa = PBXProject;
			attributes = {
				LastSwiftUpdateCheck = 1250;
				LastUpgradeCheck = 1250;
				TargetAttributes = {
					362C4A73274337DB0050A97C = {
						CreatedOnToolsVersion = 12.5;
					};
					362C4A89274337DF0050A97C = {
						CreatedOnToolsVersion = 12.5;
						TestTargetID = 362C4A73274337DB0050A97C;
					};
					362C4A94274337DF0050A97C = {
						CreatedOnToolsVersion = 12.5;
						TestTargetID = 362C4A73274337DB0050A97C;
					};
				};
			};
			buildConfigurationList = 362C4A6F274337DB0050A97C /* Build configuration list for PBXProject "spaceShooter" */;
			compatibilityVersion = "Xcode 9.3";
			developmentRegion = en;
			hasScannedForEncodings = 0;
			knownRegions = (
				en,
				Base,
			);
			mainGroup = 362C4A6B274337DB0050A97C;
			packageReferences = (
				7D585FD92759E3E60047E71E /* XCRemoteSwiftPackageReference "firebase-ios-sdk" */,
			);
			productRefGroup = 362C4A75274337DB0050A97C /* Products */;
			projectDirPath = "";
			projectRoot = "";
			targets = (
				362C4A73274337DB0050A97C /* spaceShooter */,
				362C4A89274337DF0050A97C /* spaceShooterTests */,
				362C4A94274337DF0050A97C /* spaceShooterUITests */,
			);
		};
/* End PBXProject section */

/* Begin PBXResourcesBuildPhase section */
		362C4A72274337DB0050A97C /* Resources */ = {
			isa = PBXResourcesBuildPhase;
			buildActionMask = 2147483647;
			files = (
				362C4A84274337DE0050A97C /* LaunchScreen.storyboard in Resources */,
				7DF5F1CA275C61D900755B20 /* shooting_sound.wav in Resources */,
				7D585FD82759E3AD0047E71E /* GoogleService-Info.plist in Resources */,
				3648364B275C25A50073F27E /* FuckHeadsReadME.rtf in Resources */,
				362C4A81274337DE0050A97C /* Assets.xcassets in Resources */,
				3648364D275C72110073F27E /* spaceSong.wav in Resources */,
				362C4A7F274337DB0050A97C /* Main.storyboard in Resources */,
			);
			runOnlyForDeploymentPostprocessing = 0;
		};
		362C4A88274337DF0050A97C /* Resources */ = {
			isa = PBXResourcesBuildPhase;
			buildActionMask = 2147483647;
			files = (
			);
			runOnlyForDeploymentPostprocessing = 0;
		};
		362C4A93274337DF0050A97C /* Resources */ = {
			isa = PBXResourcesBuildPhase;
			buildActionMask = 2147483647;
			files = (
			);
			runOnlyForDeploymentPostprocessing = 0;
		};
/* End PBXResourcesBuildPhase section */

/* Begin PBXSourcesBuildPhase section */
		362C4A70274337DB0050A97C /* Sources */ = {
			isa = PBXSourcesBuildPhase;
			buildActionMask = 2147483647;
			files = (
				36BF899D27446D0B001047AE /* EnemyBullets.swift in Sources */,
				7DF5F1CE275C6FA700755B20 /* GameOver.swift in Sources */,
				362C4AB027435DB30050A97C /* Bullets.swift in Sources */,
				7D3A17C32759D033006FA028 /* LeaderboardViewController.swift in Sources */,
				36483641275C10C80073F27E /* DiagEnemy.swift in Sources */,
				362C4A7C274337DB0050A97C /* ViewController.swift in Sources */,
				362C4AAE27435BD60050A97C /* MovableObject.swift in Sources */,
				36483645275C11450073F27E /* ZigZagEnemy.swift in Sources */,
				362C4AB42743724A0050A97C /* L1Enemy.swift in Sources */,
				362C4A78274337DB0050A97C /* AppDelegate.swift in Sources */,
				36483647275C127E0073F27E /* ShurikenBullet.swift in Sources */,
				36483649275C15F80073F27E /* BossBaby.swift in Sources */,
				365A430E2759C62300D0F5F6 /* UpgradeDrop.swift in Sources */,
				362C4AA8274338380050A97C /* SpaceShip.swift in Sources */,
				362C4A7A274337DB0050A97C /* SceneDelegate.swift in Sources */,
				36483643275C10F60073F27E /* SpinningEnemy.swift in Sources */,
				7D7502532759CA74007EF51B /* LaunchViewController.swift in Sources */,
				362C4AAC27433B660050A97C /* GameView.swift in Sources */,
				362C4AB6274372820050A97C /* ShootingStar.swift in Sources */,
			);
			runOnlyForDeploymentPostprocessing = 0;
		};
		362C4A86274337DF0050A97C /* Sources */ = {
			isa = PBXSourcesBuildPhase;
			buildActionMask = 2147483647;
			files = (
				362C4A8F274337DF0050A97C /* spaceShooterTests.swift in Sources */,
			);
			runOnlyForDeploymentPostprocessing = 0;
		};
		362C4A91274337DF0050A97C /* Sources */ = {
			isa = PBXSourcesBuildPhase;
			buildActionMask = 2147483647;
			files = (
				362C4A9A274337DF0050A97C /* spaceShooterUITests.swift in Sources */,
			);
			runOnlyForDeploymentPostprocessing = 0;
		};
/* End PBXSourcesBuildPhase section */

/* Begin PBXTargetDependency section */
		362C4A8C274337DF0050A97C /* PBXTargetDependency */ = {
			isa = PBXTargetDependency;
			target = 362C4A73274337DB0050A97C /* spaceShooter */;
			targetProxy = 362C4A8B274337DF0050A97C /* PBXContainerItemProxy */;
		};
		362C4A97274337DF0050A97C /* PBXTargetDependency */ = {
			isa = PBXTargetDependency;
			target = 362C4A73274337DB0050A97C /* spaceShooter */;
			targetProxy = 362C4A96274337DF0050A97C /* PBXContainerItemProxy */;
		};
/* End PBXTargetDependency section */

/* Begin PBXVariantGroup section */
		362C4A7D274337DB0050A97C /* Main.storyboard */ = {
			isa = PBXVariantGroup;
			children = (
				362C4A7E274337DB0050A97C /* Base */,
			);
			name = Main.storyboard;
			sourceTree = "<group>";
		};
		362C4A82274337DE0050A97C /* LaunchScreen.storyboard */ = {
			isa = PBXVariantGroup;
			children = (
				362C4A83274337DE0050A97C /* Base */,
			);
			name = LaunchScreen.storyboard;
			sourceTree = "<group>";
		};
/* End PBXVariantGroup section */

/* Begin XCBuildConfiguration section */
		362C4A9C274337DF0050A97C /* Debug */ = {
			isa = XCBuildConfiguration;
			buildSettings = {
				ALWAYS_SEARCH_USER_PATHS = NO;
				CLANG_ANALYZER_NONNULL = YES;
				CLANG_ANALYZER_NUMBER_OBJECT_CONVERSION = YES_AGGRESSIVE;
				CLANG_CXX_LANGUAGE_STANDARD = "gnu++14";
				CLANG_CXX_LIBRARY = "libc++";
				CLANG_ENABLE_MODULES = YES;
				CLANG_ENABLE_OBJC_ARC = YES;
				CLANG_ENABLE_OBJC_WEAK = YES;
				CLANG_WARN_BLOCK_CAPTURE_AUTORELEASING = YES;
				CLANG_WARN_BOOL_CONVERSION = YES;
				CLANG_WARN_COMMA = YES;
				CLANG_WARN_CONSTANT_CONVERSION = YES;
				CLANG_WARN_DEPRECATED_OBJC_IMPLEMENTATIONS = YES;
				CLANG_WARN_DIRECT_OBJC_ISA_USAGE = YES_ERROR;
				CLANG_WARN_DOCUMENTATION_COMMENTS = YES;
				CLANG_WARN_EMPTY_BODY = YES;
				CLANG_WARN_ENUM_CONVERSION = YES;
				CLANG_WARN_INFINITE_RECURSION = YES;
				CLANG_WARN_INT_CONVERSION = YES;
				CLANG_WARN_NON_LITERAL_NULL_CONVERSION = YES;
				CLANG_WARN_OBJC_IMPLICIT_RETAIN_SELF = YES;
				CLANG_WARN_OBJC_LITERAL_CONVERSION = YES;
				CLANG_WARN_OBJC_ROOT_CLASS = YES_ERROR;
				CLANG_WARN_QUOTED_INCLUDE_IN_FRAMEWORK_HEADER = YES;
				CLANG_WARN_RANGE_LOOP_ANALYSIS = YES;
				CLANG_WARN_STRICT_PROTOTYPES = YES;
				CLANG_WARN_SUSPICIOUS_MOVE = YES;
				CLANG_WARN_UNGUARDED_AVAILABILITY = YES_AGGRESSIVE;
				CLANG_WARN_UNREACHABLE_CODE = YES;
				CLANG_WARN__DUPLICATE_METHOD_MATCH = YES;
				COPY_PHASE_STRIP = NO;
				DEBUG_INFORMATION_FORMAT = dwarf;
				ENABLE_STRICT_OBJC_MSGSEND = YES;
				ENABLE_TESTABILITY = YES;
				GCC_C_LANGUAGE_STANDARD = gnu11;
				GCC_DYNAMIC_NO_PIC = NO;
				GCC_NO_COMMON_BLOCKS = YES;
				GCC_OPTIMIZATION_LEVEL = 0;
				GCC_PREPROCESSOR_DEFINITIONS = (
					"DEBUG=1",
					"$(inherited)",
				);
				GCC_WARN_64_TO_32_BIT_CONVERSION = YES;
				GCC_WARN_ABOUT_RETURN_TYPE = YES_ERROR;
				GCC_WARN_UNDECLARED_SELECTOR = YES;
				GCC_WARN_UNINITIALIZED_AUTOS = YES_AGGRESSIVE;
				GCC_WARN_UNUSED_FUNCTION = YES;
				GCC_WARN_UNUSED_VARIABLE = YES;
				IPHONEOS_DEPLOYMENT_TARGET = 14.5;
				MTL_ENABLE_DEBUG_INFO = INCLUDE_SOURCE;
				MTL_FAST_MATH = YES;
				ONLY_ACTIVE_ARCH = YES;
				SDKROOT = iphoneos;
				SWIFT_ACTIVE_COMPILATION_CONDITIONS = DEBUG;
				SWIFT_OPTIMIZATION_LEVEL = "-Onone";
			};
			name = Debug;
		};
		362C4A9D274337DF0050A97C /* Release */ = {
			isa = XCBuildConfiguration;
			buildSettings = {
				ALWAYS_SEARCH_USER_PATHS = NO;
				CLANG_ANALYZER_NONNULL = YES;
				CLANG_ANALYZER_NUMBER_OBJECT_CONVERSION = YES_AGGRESSIVE;
				CLANG_CXX_LANGUAGE_STANDARD = "gnu++14";
				CLANG_CXX_LIBRARY = "libc++";
				CLANG_ENABLE_MODULES = YES;
				CLANG_ENABLE_OBJC_ARC = YES;
				CLANG_ENABLE_OBJC_WEAK = YES;
				CLANG_WARN_BLOCK_CAPTURE_AUTORELEASING = YES;
				CLANG_WARN_BOOL_CONVERSION = YES;
				CLANG_WARN_COMMA = YES;
				CLANG_WARN_CONSTANT_CONVERSION = YES;
				CLANG_WARN_DEPRECATED_OBJC_IMPLEMENTATIONS = YES;
				CLANG_WARN_DIRECT_OBJC_ISA_USAGE = YES_ERROR;
				CLANG_WARN_DOCUMENTATION_COMMENTS = YES;
				CLANG_WARN_EMPTY_BODY = YES;
				CLANG_WARN_ENUM_CONVERSION = YES;
				CLANG_WARN_INFINITE_RECURSION = YES;
				CLANG_WARN_INT_CONVERSION = YES;
				CLANG_WARN_NON_LITERAL_NULL_CONVERSION = YES;
				CLANG_WARN_OBJC_IMPLICIT_RETAIN_SELF = YES;
				CLANG_WARN_OBJC_LITERAL_CONVERSION = YES;
				CLANG_WARN_OBJC_ROOT_CLASS = YES_ERROR;
				CLANG_WARN_QUOTED_INCLUDE_IN_FRAMEWORK_HEADER = YES;
				CLANG_WARN_RANGE_LOOP_ANALYSIS = YES;
				CLANG_WARN_STRICT_PROTOTYPES = YES;
				CLANG_WARN_SUSPICIOUS_MOVE = YES;
				CLANG_WARN_UNGUARDED_AVAILABILITY = YES_AGGRESSIVE;
				CLANG_WARN_UNREACHABLE_CODE = YES;
				CLANG_WARN__DUPLICATE_METHOD_MATCH = YES;
				COPY_PHASE_STRIP = NO;
				DEBUG_INFORMATION_FORMAT = "dwarf-with-dsym";
				ENABLE_NS_ASSERTIONS = NO;
				ENABLE_STRICT_OBJC_MSGSEND = YES;
				GCC_C_LANGUAGE_STANDARD = gnu11;
				GCC_NO_COMMON_BLOCKS = YES;
				GCC_WARN_64_TO_32_BIT_CONVERSION = YES;
				GCC_WARN_ABOUT_RETURN_TYPE = YES_ERROR;
				GCC_WARN_UNDECLARED_SELECTOR = YES;
				GCC_WARN_UNINITIALIZED_AUTOS = YES_AGGRESSIVE;
				GCC_WARN_UNUSED_FUNCTION = YES;
				GCC_WARN_UNUSED_VARIABLE = YES;
				IPHONEOS_DEPLOYMENT_TARGET = 14.5;
				MTL_ENABLE_DEBUG_INFO = NO;
				MTL_FAST_MATH = YES;
				SDKROOT = iphoneos;
				SWIFT_COMPILATION_MODE = wholemodule;
				SWIFT_OPTIMIZATION_LEVEL = "-O";
				VALIDATE_PRODUCT = YES;
			};
			name = Release;
		};
		362C4A9F274337DF0050A97C /* Debug */ = {
			isa = XCBuildConfiguration;
			buildSettings = {
				ASSETCATALOG_COMPILER_APPICON_NAME = AppIcon;
				ASSETCATALOG_COMPILER_GLOBAL_ACCENT_COLOR_NAME = AccentColor;
				CODE_SIGN_STYLE = Automatic;
				DEVELOPMENT_TEAM = X8A3V7P944;
				INFOPLIST_FILE = spaceShooter/Info.plist;
				LD_RUNPATH_SEARCH_PATHS = (
					"$(inherited)",
					"@executable_path/Frameworks",
				);
				PRODUCT_BUNDLE_IDENTIFIER = FinalProject.spaceShooter;
				PRODUCT_NAME = "$(TARGET_NAME)";
				SWIFT_VERSION = 5.0;
				TARGETED_DEVICE_FAMILY = "1,2";
			};
			name = Debug;
		};
		362C4AA0274337DF0050A97C /* Release */ = {
			isa = XCBuildConfiguration;
			buildSettings = {
				ASSETCATALOG_COMPILER_APPICON_NAME = AppIcon;
				ASSETCATALOG_COMPILER_GLOBAL_ACCENT_COLOR_NAME = AccentColor;
				CODE_SIGN_STYLE = Automatic;
				DEVELOPMENT_TEAM = X8A3V7P944;
				INFOPLIST_FILE = spaceShooter/Info.plist;
				LD_RUNPATH_SEARCH_PATHS = (
					"$(inherited)",
					"@executable_path/Frameworks",
				);
				PRODUCT_BUNDLE_IDENTIFIER = FinalProject.spaceShooter;
				PRODUCT_NAME = "$(TARGET_NAME)";
				SWIFT_VERSION = 5.0;
				TARGETED_DEVICE_FAMILY = "1,2";
			};
			name = Release;
		};
		362C4AA2274337DF0050A97C /* Debug */ = {
			isa = XCBuildConfiguration;
			buildSettings = {
				ALWAYS_EMBED_SWIFT_STANDARD_LIBRARIES = YES;
				BUNDLE_LOADER = "$(TEST_HOST)";
				CODE_SIGN_STYLE = Automatic;
				DEVELOPMENT_TEAM = X8A3V7P944;
				INFOPLIST_FILE = spaceShooterTests/Info.plist;
				IPHONEOS_DEPLOYMENT_TARGET = 14.5;
				LD_RUNPATH_SEARCH_PATHS = (
					"$(inherited)",
					"@executable_path/Frameworks",
					"@loader_path/Frameworks",
				);
				PRODUCT_BUNDLE_IDENTIFIER = FinalProject.spaceShooterTests;
				PRODUCT_NAME = "$(TARGET_NAME)";
				SWIFT_VERSION = 5.0;
				TARGETED_DEVICE_FAMILY = "1,2";
				TEST_HOST = "$(BUILT_PRODUCTS_DIR)/spaceShooter.app/spaceShooter";
			};
			name = Debug;
		};
		362C4AA3274337DF0050A97C /* Release */ = {
			isa = XCBuildConfiguration;
			buildSettings = {
				ALWAYS_EMBED_SWIFT_STANDARD_LIBRARIES = YES;
				BUNDLE_LOADER = "$(TEST_HOST)";
				CODE_SIGN_STYLE = Automatic;
				DEVELOPMENT_TEAM = X8A3V7P944;
				INFOPLIST_FILE = spaceShooterTests/Info.plist;
				IPHONEOS_DEPLOYMENT_TARGET = 14.5;
				LD_RUNPATH_SEARCH_PATHS = (
					"$(inherited)",
					"@executable_path/Frameworks",
					"@loader_path/Frameworks",
				);
				PRODUCT_BUNDLE_IDENTIFIER = FinalProject.spaceShooterTests;
				PRODUCT_NAME = "$(TARGET_NAME)";
				SWIFT_VERSION = 5.0;
				TARGETED_DEVICE_FAMILY = "1,2";
				TEST_HOST = "$(BUILT_PRODUCTS_DIR)/spaceShooter.app/spaceShooter";
			};
			name = Release;
		};
		362C4AA5274337DF0050A97C /* Debug */ = {
			isa = XCBuildConfiguration;
			buildSettings = {
				ALWAYS_EMBED_SWIFT_STANDARD_LIBRARIES = YES;
				CODE_SIGN_STYLE = Automatic;
				DEVELOPMENT_TEAM = X8A3V7P944;
				INFOPLIST_FILE = spaceShooterUITests/Info.plist;
				LD_RUNPATH_SEARCH_PATHS = (
					"$(inherited)",
					"@executable_path/Frameworks",
					"@loader_path/Frameworks",
				);
				PRODUCT_BUNDLE_IDENTIFIER = FinalProject.spaceShooterUITests;
				PRODUCT_NAME = "$(TARGET_NAME)";
				SWIFT_VERSION = 5.0;
				TARGETED_DEVICE_FAMILY = "1,2";
				TEST_TARGET_NAME = spaceShooter;
			};
			name = Debug;
		};
		362C4AA6274337DF0050A97C /* Release */ = {
			isa = XCBuildConfiguration;
			buildSettings = {
				ALWAYS_EMBED_SWIFT_STANDARD_LIBRARIES = YES;
				CODE_SIGN_STYLE = Automatic;
				DEVELOPMENT_TEAM = X8A3V7P944;
				INFOPLIST_FILE = spaceShooterUITests/Info.plist;
				LD_RUNPATH_SEARCH_PATHS = (
					"$(inherited)",
					"@executable_path/Frameworks",
					"@loader_path/Frameworks",
				);
				PRODUCT_BUNDLE_IDENTIFIER = FinalProject.spaceShooterUITests;
				PRODUCT_NAME = "$(TARGET_NAME)";
				SWIFT_VERSION = 5.0;
				TARGETED_DEVICE_FAMILY = "1,2";
				TEST_TARGET_NAME = spaceShooter;
			};
			name = Release;
		};
/* End XCBuildConfiguration section */

/* Begin XCConfigurationList section */
		362C4A6F274337DB0050A97C /* Build configuration list for PBXProject "spaceShooter" */ = {
			isa = XCConfigurationList;
			buildConfigurations = (
				362C4A9C274337DF0050A97C /* Debug */,
				362C4A9D274337DF0050A97C /* Release */,
			);
			defaultConfigurationIsVisible = 0;
			defaultConfigurationName = Release;
		};
		362C4A9E274337DF0050A97C /* Build configuration list for PBXNativeTarget "spaceShooter" */ = {
			isa = XCConfigurationList;
			buildConfigurations = (
				362C4A9F274337DF0050A97C /* Debug */,
				362C4AA0274337DF0050A97C /* Release */,
			);
			defaultConfigurationIsVisible = 0;
			defaultConfigurationName = Release;
		};
		362C4AA1274337DF0050A97C /* Build configuration list for PBXNativeTarget "spaceShooterTests" */ = {
			isa = XCConfigurationList;
			buildConfigurations = (
				362C4AA2274337DF0050A97C /* Debug */,
				362C4AA3274337DF0050A97C /* Release */,
			);
			defaultConfigurationIsVisible = 0;
			defaultConfigurationName = Release;
		};
		362C4AA4274337DF0050A97C /* Build configuration list for PBXNativeTarget "spaceShooterUITests" */ = {
			isa = XCConfigurationList;
			buildConfigurations = (
				362C4AA5274337DF0050A97C /* Debug */,
				362C4AA6274337DF0050A97C /* Release */,
			);
			defaultConfigurationIsVisible = 0;
			defaultConfigurationName = Release;
		};
/* End XCConfigurationList section */

/* Begin XCRemoteSwiftPackageReference section */
		7D585FD92759E3E60047E71E /* XCRemoteSwiftPackageReference "firebase-ios-sdk" */ = {
			isa = XCRemoteSwiftPackageReference;
			repositoryURL = "https://github.com/firebase/firebase-ios-sdk";
			requirement = {
				branch = master;
				kind = branch;
			};
		};
/* End XCRemoteSwiftPackageReference section */

/* Begin XCSwiftPackageProductDependency section */
		7D585FDA2759E3E60047E71E /* FirebaseAnalytics */ = {
			isa = XCSwiftPackageProductDependency;
			package = 7D585FD92759E3E60047E71E /* XCRemoteSwiftPackageReference "firebase-ios-sdk" */;
			productName = FirebaseAnalytics;
		};
		7D585FDC2759E3E60047E71E /* FirebaseDatabase */ = {
			isa = XCSwiftPackageProductDependency;
			package = 7D585FD92759E3E60047E71E /* XCRemoteSwiftPackageReference "firebase-ios-sdk" */;
			productName = FirebaseDatabase;
		};
		7D585FDE2759E3E60047E71E /* FirebaseFirestore */ = {
			isa = XCSwiftPackageProductDependency;
			package = 7D585FD92759E3E60047E71E /* XCRemoteSwiftPackageReference "firebase-ios-sdk" */;
			productName = FirebaseFirestore;
		};
		7D585FE02759E3E60047E71E /* FirebaseStorage */ = {
			isa = XCSwiftPackageProductDependency;
			package = 7D585FD92759E3E60047E71E /* XCRemoteSwiftPackageReference "firebase-ios-sdk" */;
			productName = FirebaseStorage;
		};
/* End XCSwiftPackageProductDependency section */
	};
	rootObject = 362C4A6C274337DB0050A97C /* Project object */;
}
